// !$*UTF8*$!
{
	archiveVersion = 1;
	classes = {
	};
	objectVersion = 51;
	objects = {

/* Begin PBXBuildFile section */
		620650EB9B76DC571A806887 /* Pods_TestAssignmentTests.framework in Frameworks */ = {isa = PBXBuildFile; fileRef = 46EB691D60549DF6DE4D563E /* Pods_TestAssignmentTests.framework */; };
		B5D052CF28A13411161CB76F /* Pods_TestAssignment.framework in Frameworks */ = {isa = PBXBuildFile; fileRef = 2FF0B473B54175D7A1249A38 /* Pods_TestAssignment.framework */; };
		CF49C43024C58C45002ED0A5 /* Assets.xcassets in Resources */ = {isa = PBXBuildFile; fileRef = CF49C42F24C58C45002ED0A5 /* Assets.xcassets */; };
		CF49C43324C58C45002ED0A5 /* LaunchScreen.storyboard in Resources */ = {isa = PBXBuildFile; fileRef = CF49C43124C58C45002ED0A5 /* LaunchScreen.storyboard */; };
		CF49C43E24C58C45002ED0A5 /* TestAssignmentTests.swift in Sources */ = {isa = PBXBuildFile; fileRef = CF49C43D24C58C45002ED0A5 /* TestAssignmentTests.swift */; };
		CF49C45324C594E3002ED0A5 /* AppDelegate.swift in Sources */ = {isa = PBXBuildFile; fileRef = CF49C45024C594E3002ED0A5 /* AppDelegate.swift */; };
		CF49C45424C594E3002ED0A5 /* SceneDelegate.swift in Sources */ = {isa = PBXBuildFile; fileRef = CF49C45124C594E3002ED0A5 /* SceneDelegate.swift */; };
		CF49C45824C5958A002ED0A5 /* ListViewController.swift in Sources */ = {isa = PBXBuildFile; fileRef = CF49C45724C5958A002ED0A5 /* ListViewController.swift */; };
		CF49C45B24C595D7002ED0A5 /* Constants.swift in Sources */ = {isa = PBXBuildFile; fileRef = CF49C45924C595D7002ED0A5 /* Constants.swift */; };
		CF49C45C24C595D7002ED0A5 /* DeviceType.swift in Sources */ = {isa = PBXBuildFile; fileRef = CF49C45A24C595D7002ED0A5 /* DeviceType.swift */; };
		CF49C45E24C59623002ED0A5 /* ApiClient.swift in Sources */ = {isa = PBXBuildFile; fileRef = CF49C45D24C59623002ED0A5 /* ApiClient.swift */; };
		CF49C46024C59635002ED0A5 /* HTTPLayer.swift in Sources */ = {isa = PBXBuildFile; fileRef = CF49C45F24C59635002ED0A5 /* HTTPLayer.swift */; };
		CF49C46224C5964B002ED0A5 /* ListModel.swift in Sources */ = {isa = PBXBuildFile; fileRef = CF49C46124C5964B002ED0A5 /* ListModel.swift */; };
		CF49C46424C5965B002ED0A5 /* ListViewModel.swift in Sources */ = {isa = PBXBuildFile; fileRef = CF49C46324C5965B002ED0A5 /* ListViewModel.swift */; };
		CF49C46624C59D04002ED0A5 /* ListTableViewCell.swift in Sources */ = {isa = PBXBuildFile; fileRef = CF49C46524C59D04002ED0A5 /* ListTableViewCell.swift */; };
		CF49C46824C5A1E6002ED0A5 /* ListDetailModel.swift in Sources */ = {isa = PBXBuildFile; fileRef = CF49C46724C5A1E6002ED0A5 /* ListDetailModel.swift */; };
		CF49C46A24C5BC31002ED0A5 /* ReachabilityManager.swift in Sources */ = {isa = PBXBuildFile; fileRef = CF49C46924C5BC31002ED0A5 /* ReachabilityManager.swift */; };
		CF49C46C24C5BCCE002ED0A5 /* NetworkErrorToastView.swift in Sources */ = {isa = PBXBuildFile; fileRef = CF49C46B24C5BCCE002ED0A5 /* NetworkErrorToastView.swift */; };
/* End PBXBuildFile section */

/* Begin PBXContainerItemProxy section */
		CF49C43A24C58C45002ED0A5 /* PBXContainerItemProxy */ = {
			isa = PBXContainerItemProxy;
			containerPortal = CF49C41B24C58C42002ED0A5 /* Project object */;
			proxyType = 1;
			remoteGlobalIDString = CF49C42224C58C43002ED0A5;
			remoteInfo = TestAssignment;
		};
/* End PBXContainerItemProxy section */

/* Begin PBXFileReference section */
		1A16265DDFC0105FF7A1D916 /* Pods-TestAssignmentTests.debug.xcconfig */ = {isa = PBXFileReference; includeInIndex = 1; lastKnownFileType = text.xcconfig; name = "Pods-TestAssignmentTests.debug.xcconfig"; path = "Target Support Files/Pods-TestAssignmentTests/Pods-TestAssignmentTests.debug.xcconfig"; sourceTree = "<group>"; };
		27DA254276665FDC1FE45F33 /* Pods-TestAssignment.release.xcconfig */ = {isa = PBXFileReference; includeInIndex = 1; lastKnownFileType = text.xcconfig; name = "Pods-TestAssignment.release.xcconfig"; path = "Target Support Files/Pods-TestAssignment/Pods-TestAssignment.release.xcconfig"; sourceTree = "<group>"; };
		2FF0B473B54175D7A1249A38 /* Pods_TestAssignment.framework */ = {isa = PBXFileReference; explicitFileType = wrapper.framework; includeInIndex = 0; path = Pods_TestAssignment.framework; sourceTree = BUILT_PRODUCTS_DIR; };
		2FFDB70C52A2997622B45EF0 /* Pods-TestAssignment.debug.xcconfig */ = {isa = PBXFileReference; includeInIndex = 1; lastKnownFileType = text.xcconfig; name = "Pods-TestAssignment.debug.xcconfig"; path = "Target Support Files/Pods-TestAssignment/Pods-TestAssignment.debug.xcconfig"; sourceTree = "<group>"; };
		46EB691D60549DF6DE4D563E /* Pods_TestAssignmentTests.framework */ = {isa = PBXFileReference; explicitFileType = wrapper.framework; includeInIndex = 0; path = Pods_TestAssignmentTests.framework; sourceTree = BUILT_PRODUCTS_DIR; };
		4A7D4C7C06A2713AC052BAEC /* Pods-TestAssignmentTests.release.xcconfig */ = {isa = PBXFileReference; includeInIndex = 1; lastKnownFileType = text.xcconfig; name = "Pods-TestAssignmentTests.release.xcconfig"; path = "Target Support Files/Pods-TestAssignmentTests/Pods-TestAssignmentTests.release.xcconfig"; sourceTree = "<group>"; };
		CF49C42324C58C43002ED0A5 /* TestAssignment.app */ = {isa = PBXFileReference; explicitFileType = wrapper.application; includeInIndex = 0; path = TestAssignment.app; sourceTree = BUILT_PRODUCTS_DIR; };
		CF49C42F24C58C45002ED0A5 /* Assets.xcassets */ = {isa = PBXFileReference; lastKnownFileType = folder.assetcatalog; path = Assets.xcassets; sourceTree = "<group>"; };
		CF49C43224C58C45002ED0A5 /* Base */ = {isa = PBXFileReference; lastKnownFileType = file.storyboard; name = Base; path = Base.lproj/LaunchScreen.storyboard; sourceTree = "<group>"; };
		CF49C43424C58C45002ED0A5 /* Info.plist */ = {isa = PBXFileReference; lastKnownFileType = text.plist.xml; path = Info.plist; sourceTree = "<group>"; };
		CF49C43924C58C45002ED0A5 /* TestAssignmentTests.xctest */ = {isa = PBXFileReference; explicitFileType = wrapper.cfbundle; includeInIndex = 0; path = TestAssignmentTests.xctest; sourceTree = BUILT_PRODUCTS_DIR; };
		CF49C43D24C58C45002ED0A5 /* TestAssignmentTests.swift */ = {isa = PBXFileReference; lastKnownFileType = sourcecode.swift; path = TestAssignmentTests.swift; sourceTree = "<group>"; };
		CF49C43F24C58C45002ED0A5 /* Info.plist */ = {isa = PBXFileReference; lastKnownFileType = text.plist.xml; path = Info.plist; sourceTree = "<group>"; };
		CF49C45024C594E3002ED0A5 /* AppDelegate.swift */ = {isa = PBXFileReference; fileEncoding = 4; lastKnownFileType = sourcecode.swift; path = AppDelegate.swift; sourceTree = "<group>"; };
		CF49C45124C594E3002ED0A5 /* SceneDelegate.swift */ = {isa = PBXFileReference; fileEncoding = 4; lastKnownFileType = sourcecode.swift; path = SceneDelegate.swift; sourceTree = "<group>"; };
		CF49C45724C5958A002ED0A5 /* ListViewController.swift */ = {isa = PBXFileReference; fileEncoding = 4; lastKnownFileType = sourcecode.swift; path = ListViewController.swift; sourceTree = "<group>"; };
		CF49C45924C595D7002ED0A5 /* Constants.swift */ = {isa = PBXFileReference; fileEncoding = 4; lastKnownFileType = sourcecode.swift; path = Constants.swift; sourceTree = "<group>"; };
		CF49C45A24C595D7002ED0A5 /* DeviceType.swift */ = {isa = PBXFileReference; fileEncoding = 4; lastKnownFileType = sourcecode.swift; path = DeviceType.swift; sourceTree = "<group>"; };
		CF49C45D24C59623002ED0A5 /* ApiClient.swift */ = {isa = PBXFileReference; lastKnownFileType = sourcecode.swift; path = ApiClient.swift; sourceTree = "<group>"; };
		CF49C45F24C59635002ED0A5 /* HTTPLayer.swift */ = {isa = PBXFileReference; lastKnownFileType = sourcecode.swift; path = HTTPLayer.swift; sourceTree = "<group>"; };
		CF49C46124C5964B002ED0A5 /* ListModel.swift */ = {isa = PBXFileReference; lastKnownFileType = sourcecode.swift; path = ListModel.swift; sourceTree = "<group>"; };
		CF49C46324C5965B002ED0A5 /* ListViewModel.swift */ = {isa = PBXFileReference; lastKnownFileType = sourcecode.swift; path = ListViewModel.swift; sourceTree = "<group>"; };
		CF49C46524C59D04002ED0A5 /* ListTableViewCell.swift */ = {isa = PBXFileReference; lastKnownFileType = sourcecode.swift; path = ListTableViewCell.swift; sourceTree = "<group>"; };
		CF49C46724C5A1E6002ED0A5 /* ListDetailModel.swift */ = {isa = PBXFileReference; lastKnownFileType = sourcecode.swift; path = ListDetailModel.swift; sourceTree = "<group>"; };
		CF49C46924C5BC31002ED0A5 /* ReachabilityManager.swift */ = {isa = PBXFileReference; lastKnownFileType = sourcecode.swift; path = ReachabilityManager.swift; sourceTree = "<group>"; };
		CF49C46B24C5BCCE002ED0A5 /* NetworkErrorToastView.swift */ = {isa = PBXFileReference; lastKnownFileType = sourcecode.swift; path = NetworkErrorToastView.swift; sourceTree = "<group>"; };
/* End PBXFileReference section */

/* Begin PBXFrameworksBuildPhase section */
		CF49C42024C58C43002ED0A5 /* Frameworks */ = {
			isa = PBXFrameworksBuildPhase;
			buildActionMask = 2147483647;
			files = (
				B5D052CF28A13411161CB76F /* Pods_TestAssignment.framework in Frameworks */,
			);
			runOnlyForDeploymentPostprocessing = 0;
		};
		CF49C43624C58C45002ED0A5 /* Frameworks */ = {
			isa = PBXFrameworksBuildPhase;
			buildActionMask = 2147483647;
			files = (
				620650EB9B76DC571A806887 /* Pods_TestAssignmentTests.framework in Frameworks */,
			);
			runOnlyForDeploymentPostprocessing = 0;
		};
/* End PBXFrameworksBuildPhase section */

/* Begin PBXGroup section */
		33463734EDA0469728219B0C /* Pods */ = {
			isa = PBXGroup;
			children = (
				2FFDB70C52A2997622B45EF0 /* Pods-TestAssignment.debug.xcconfig */,
				27DA254276665FDC1FE45F33 /* Pods-TestAssignment.release.xcconfig */,
				1A16265DDFC0105FF7A1D916 /* Pods-TestAssignmentTests.debug.xcconfig */,
				4A7D4C7C06A2713AC052BAEC /* Pods-TestAssignmentTests.release.xcconfig */,
			);
			path = Pods;
			sourceTree = "<group>";
		};
		CF49C41A24C58C42002ED0A5 = {
			isa = PBXGroup;
			children = (
				CF49C42524C58C43002ED0A5 /* TestAssignment */,
				CF49C43C24C58C45002ED0A5 /* TestAssignmentTests */,
				CF49C42424C58C43002ED0A5 /* Products */,
				33463734EDA0469728219B0C /* Pods */,
				D55DF92017090F30E4A937AE /* Frameworks */,
			);
			sourceTree = "<group>";
		};
		CF49C42424C58C43002ED0A5 /* Products */ = {
			isa = PBXGroup;
			children = (
				CF49C42324C58C43002ED0A5 /* TestAssignment.app */,
				CF49C43924C58C45002ED0A5 /* TestAssignmentTests.xctest */,
			);
			name = Products;
			sourceTree = "<group>";
		};
		CF49C42524C58C43002ED0A5 /* TestAssignment */ = {
			isa = PBXGroup;
			children = (
				CF49C44B24C594E3002ED0A5 /* Constants */,
				CF49C44924C594E3002ED0A5 /* Networking */,
				CF49C44A24C594E3002ED0A5 /* Reachability */,
				CF49C44F24C594E3002ED0A5 /* DefaultDelegates */,
				CF49C45524C59564002ED0A5 /* CustomViews */,
				CF49C44E24C594E3002ED0A5 /* Models */,
				CF49C44824C594E3002ED0A5 /* ViewModels */,
				CF49C45624C5958A002ED0A5 /* ViewControllers */,
				CF49C42F24C58C45002ED0A5 /* Assets.xcassets */,
				CF49C43124C58C45002ED0A5 /* LaunchScreen.storyboard */,
				CF49C43424C58C45002ED0A5 /* Info.plist */,
			);
			path = TestAssignment;
			sourceTree = "<group>";
		};
		CF49C43C24C58C45002ED0A5 /* TestAssignmentTests */ = {
			isa = PBXGroup;
			children = (
				CF49C43D24C58C45002ED0A5 /* TestAssignmentTests.swift */,
				CF49C43F24C58C45002ED0A5 /* Info.plist */,
			);
			path = TestAssignmentTests;
			sourceTree = "<group>";
		};
		CF49C44824C594E3002ED0A5 /* ViewModels */ = {
			isa = PBXGroup;
			children = (
				CF49C46324C5965B002ED0A5 /* ListViewModel.swift */,
			);
			path = ViewModels;
			sourceTree = "<group>";
		};
		CF49C44924C594E3002ED0A5 /* Networking */ = {
			isa = PBXGroup;
			children = (
				CF49C45D24C59623002ED0A5 /* ApiClient.swift */,
				CF49C45F24C59635002ED0A5 /* HTTPLayer.swift */,
			);
			path = Networking;
			sourceTree = "<group>";
		};
		CF49C44A24C594E3002ED0A5 /* Reachability */ = {
			isa = PBXGroup;
			children = (
				CF49C46924C5BC31002ED0A5 /* ReachabilityManager.swift */,
			);
			path = Reachability;
			sourceTree = "<group>";
		};
		CF49C44B24C594E3002ED0A5 /* Constants */ = {
			isa = PBXGroup;
			children = (
				CF49C45924C595D7002ED0A5 /* Constants.swift */,
				CF49C45A24C595D7002ED0A5 /* DeviceType.swift */,
			);
			path = Constants;
			sourceTree = "<group>";
		};
		CF49C44E24C594E3002ED0A5 /* Models */ = {
			isa = PBXGroup;
			children = (
				CF49C46124C5964B002ED0A5 /* ListModel.swift */,
				CF49C46724C5A1E6002ED0A5 /* ListDetailModel.swift */,
			);
			path = Models;
			sourceTree = "<group>";
		};
		CF49C44F24C594E3002ED0A5 /* DefaultDelegates */ = {
			isa = PBXGroup;
			children = (
				CF49C45024C594E3002ED0A5 /* AppDelegate.swift */,
				CF49C45124C594E3002ED0A5 /* SceneDelegate.swift */,
			);
			path = DefaultDelegates;
			sourceTree = "<group>";
		};
		CF49C45524C59564002ED0A5 /* CustomViews */ = {
			isa = PBXGroup;
			children = (
				CF49C46524C59D04002ED0A5 /* ListTableViewCell.swift */,
				CF49C46B24C5BCCE002ED0A5 /* NetworkErrorToastView.swift */,
			);
			path = CustomViews;
			sourceTree = "<group>";
		};
		CF49C45624C5958A002ED0A5 /* ViewControllers */ = {
			isa = PBXGroup;
			children = (
				CF49C45724C5958A002ED0A5 /* ListViewController.swift */,
			);
			path = ViewControllers;
			sourceTree = "<group>";
		};
		D55DF92017090F30E4A937AE /* Frameworks */ = {
			isa = PBXGroup;
			children = (
				2FF0B473B54175D7A1249A38 /* Pods_TestAssignment.framework */,
				46EB691D60549DF6DE4D563E /* Pods_TestAssignmentTests.framework */,
			);
			name = Frameworks;
			sourceTree = "<group>";
		};
/* End PBXGroup section */

/* Begin PBXNativeTarget section */
		CF49C42224C58C43002ED0A5 /* TestAssignment */ = {
			isa = PBXNativeTarget;
			buildConfigurationList = CF49C44224C58C45002ED0A5 /* Build configuration list for PBXNativeTarget "TestAssignment" */;
			buildPhases = (
				07958140C225193A89115FE5 /* [CP] Check Pods Manifest.lock */,
				CF49C41F24C58C43002ED0A5 /* Sources */,
				CF49C42024C58C43002ED0A5 /* Frameworks */,
				CF49C42124C58C43002ED0A5 /* Resources */,
				E154CEAA328CB78D3A7ED6CE /* [CP] Embed Pods Frameworks */,
			);
			buildRules = (
			);
			dependencies = (
			);
			name = TestAssignment;
			productName = TestAssignment;
			productReference = CF49C42324C58C43002ED0A5 /* TestAssignment.app */;
			productType = "com.apple.product-type.application";
		};
		CF49C43824C58C45002ED0A5 /* TestAssignmentTests */ = {
			isa = PBXNativeTarget;
			buildConfigurationList = CF49C44524C58C45002ED0A5 /* Build configuration list for PBXNativeTarget "TestAssignmentTests" */;
			buildPhases = (
				BBFA4D33A9FFDAB78100053C /* [CP] Check Pods Manifest.lock */,
				CF49C43524C58C45002ED0A5 /* Sources */,
				CF49C43624C58C45002ED0A5 /* Frameworks */,
				CF49C43724C58C45002ED0A5 /* Resources */,
			);
			buildRules = (
			);
			dependencies = (
				CF49C43B24C58C45002ED0A5 /* PBXTargetDependency */,
			);
			name = TestAssignmentTests;
			productName = TestAssignmentTests;
			productReference = CF49C43924C58C45002ED0A5 /* TestAssignmentTests.xctest */;
			productType = "com.apple.product-type.bundle.unit-test";
		};
/* End PBXNativeTarget section */

/* Begin PBXProject section */
		CF49C41B24C58C42002ED0A5 /* Project object */ = {
			isa = PBXProject;
			attributes = {
				LastSwiftUpdateCheck = 1150;
				LastUpgradeCheck = 1150;
				ORGANIZATIONNAME = Lokesh;
				TargetAttributes = {
					CF49C42224C58C43002ED0A5 = {
						CreatedOnToolsVersion = 11.5;
					};
					CF49C43824C58C45002ED0A5 = {
						CreatedOnToolsVersion = 11.5;
						TestTargetID = CF49C42224C58C43002ED0A5;
					};
				};
			};
			buildConfigurationList = CF49C41E24C58C43002ED0A5 /* Build configuration list for PBXProject "TestAssignment" */;
			compatibilityVersion = "Xcode 9.3";
			developmentRegion = en;
			hasScannedForEncodings = 0;
			knownRegions = (
				en,
				Base,
			);
			mainGroup = CF49C41A24C58C42002ED0A5;
			productRefGroup = CF49C42424C58C43002ED0A5 /* Products */;
			projectDirPath = "";
			projectRoot = "";
			targets = (
				CF49C42224C58C43002ED0A5 /* TestAssignment */,
				CF49C43824C58C45002ED0A5 /* TestAssignmentTests */,
			);
		};
/* End PBXProject section */

/* Begin PBXResourcesBuildPhase section */
		CF49C42124C58C43002ED0A5 /* Resources */ = {
			isa = PBXResourcesBuildPhase;
			buildActionMask = 2147483647;
			files = (
				CF49C43324C58C45002ED0A5 /* LaunchScreen.storyboard in Resources */,
				CF49C43024C58C45002ED0A5 /* Assets.xcassets in Resources */,
			);
			runOnlyForDeploymentPostprocessing = 0;
		};
		CF49C43724C58C45002ED0A5 /* Resources */ = {
			isa = PBXResourcesBuildPhase;
			buildActionMask = 2147483647;
			files = (
			);
			runOnlyForDeploymentPostprocessing = 0;
		};
/* End PBXResourcesBuildPhase section */

/* Begin PBXShellScriptBuildPhase section */
		07958140C225193A89115FE5 /* [CP] Check Pods Manifest.lock */ = {
			isa = PBXShellScriptBuildPhase;
			buildActionMask = 2147483647;
			files = (
			);
			inputFileListPaths = (
			);
			inputPaths = (
				"${PODS_PODFILE_DIR_PATH}/Podfile.lock",
				"${PODS_ROOT}/Manifest.lock",
			);
			name = "[CP] Check Pods Manifest.lock";
			outputFileListPaths = (
			);
			outputPaths = (
				"$(DERIVED_FILE_DIR)/Pods-TestAssignment-checkManifestLockResult.txt",
			);
			runOnlyForDeploymentPostprocessing = 0;
			shellPath = /bin/sh;
			shellScript = "diff \"${PODS_PODFILE_DIR_PATH}/Podfile.lock\" \"${PODS_ROOT}/Manifest.lock\" > /dev/null\nif [ $? != 0 ] ; then\n    # print error to STDERR\n    echo \"error: The sandbox is not in sync with the Podfile.lock. Run 'pod install' or update your CocoaPods installation.\" >&2\n    exit 1\nfi\n# This output is used by Xcode 'outputs' to avoid re-running this script phase.\necho \"SUCCESS\" > \"${SCRIPT_OUTPUT_FILE_0}\"\n";
			showEnvVarsInLog = 0;
		};
		BBFA4D33A9FFDAB78100053C /* [CP] Check Pods Manifest.lock */ = {
			isa = PBXShellScriptBuildPhase;
			buildActionMask = 2147483647;
			files = (
			);
			inputFileListPaths = (
			);
			inputPaths = (
				"${PODS_PODFILE_DIR_PATH}/Podfile.lock",
				"${PODS_ROOT}/Manifest.lock",
			);
			name = "[CP] Check Pods Manifest.lock";
			outputFileListPaths = (
			);
			outputPaths = (
				"$(DERIVED_FILE_DIR)/Pods-TestAssignmentTests-checkManifestLockResult.txt",
			);
			runOnlyForDeploymentPostprocessing = 0;
			shellPath = /bin/sh;
			shellScript = "diff \"${PODS_PODFILE_DIR_PATH}/Podfile.lock\" \"${PODS_ROOT}/Manifest.lock\" > /dev/null\nif [ $? != 0 ] ; then\n    # print error to STDERR\n    echo \"error: The sandbox is not in sync with the Podfile.lock. Run 'pod install' or update your CocoaPods installation.\" >&2\n    exit 1\nfi\n# This output is used by Xcode 'outputs' to avoid re-running this script phase.\necho \"SUCCESS\" > \"${SCRIPT_OUTPUT_FILE_0}\"\n";
			showEnvVarsInLog = 0;
		};
		E154CEAA328CB78D3A7ED6CE /* [CP] Embed Pods Frameworks */ = {
			isa = PBXShellScriptBuildPhase;
			buildActionMask = 2147483647;
			files = (
			);
			inputFileListPaths = (
				"${PODS_ROOT}/Target Support Files/Pods-TestAssignment/Pods-TestAssignment-frameworks-${CONFIGURATION}-input-files.xcfilelist",
			);
			name = "[CP] Embed Pods Frameworks";
			outputFileListPaths = (
				"${PODS_ROOT}/Target Support Files/Pods-TestAssignment/Pods-TestAssignment-frameworks-${CONFIGURATION}-output-files.xcfilelist",
			);
			runOnlyForDeploymentPostprocessing = 0;
			shellPath = /bin/sh;
			shellScript = "\"${PODS_ROOT}/Target Support Files/Pods-TestAssignment/Pods-TestAssignment-frameworks.sh\"\n";
			showEnvVarsInLog = 0;
		};
/* End PBXShellScriptBuildPhase section */

/* Begin PBXSourcesBuildPhase section */
		CF49C41F24C58C43002ED0A5 /* Sources */ = {
			isa = PBXSourcesBuildPhase;
			buildActionMask = 2147483647;
			files = (
				CF49C45324C594E3002ED0A5 /* AppDelegate.swift in Sources */,
				CF49C45424C594E3002ED0A5 /* SceneDelegate.swift in Sources */,
				CF49C45824C5958A002ED0A5 /* ListViewController.swift in Sources */,
				CF49C46024C59635002ED0A5 /* HTTPLayer.swift in Sources */,
				CF49C46A24C5BC31002ED0A5 /* ReachabilityManager.swift in Sources */,
				CF49C46824C5A1E6002ED0A5 /* ListDetailModel.swift in Sources */,
				CF49C45B24C595D7002ED0A5 /* Constants.swift in Sources */,
				CF49C46424C5965B002ED0A5 /* ListViewModel.swift in Sources */,
				CF49C46C24C5BCCE002ED0A5 /* NetworkErrorToastView.swift in Sources */,
				CF49C45C24C595D7002ED0A5 /* DeviceType.swift in Sources */,
				CF49C45E24C59623002ED0A5 /* ApiClient.swift in Sources */,
				CF49C46224C5964B002ED0A5 /* ListModel.swift in Sources */,
				CF49C46624C59D04002ED0A5 /* ListTableViewCell.swift in Sources */,
			);
			runOnlyForDeploymentPostprocessing = 0;
		};
		CF49C43524C58C45002ED0A5 /* Sources */ = {
			isa = PBXSourcesBuildPhase;
			buildActionMask = 2147483647;
			files = (
				CF49C43E24C58C45002ED0A5 /* TestAssignmentTests.swift in Sources */,
			);
			runOnlyForDeploymentPostprocessing = 0;
		};
/* End PBXSourcesBuildPhase section */

/* Begin PBXTargetDependency section */
		CF49C43B24C58C45002ED0A5 /* PBXTargetDependency */ = {
			isa = PBXTargetDependency;
			target = CF49C42224C58C43002ED0A5 /* TestAssignment */;
			targetProxy = CF49C43A24C58C45002ED0A5 /* PBXContainerItemProxy */;
		};
/* End PBXTargetDependency section */

/* Begin PBXVariantGroup section */
		CF49C43124C58C45002ED0A5 /* LaunchScreen.storyboard */ = {
			isa = PBXVariantGroup;
			children = (
				CF49C43224C58C45002ED0A5 /* Base */,
			);
			name = LaunchScreen.storyboard;
			sourceTree = "<group>";
		};
/* End PBXVariantGroup section */

/* Begin XCBuildConfiguration section */
		CF49C44024C58C45002ED0A5 /* Debug */ = {
			isa = XCBuildConfiguration;
			buildSettings = {
				ALWAYS_SEARCH_USER_PATHS = NO;
				CLANG_ANALYZER_NONNULL = YES;
				CLANG_ANALYZER_NUMBER_OBJECT_CONVERSION = YES_AGGRESSIVE;
				CLANG_CXX_LANGUAGE_STANDARD = "gnu++14";
				CLANG_CXX_LIBRARY = "libc++";
				CLANG_ENABLE_MODULES = YES;
				CLANG_ENABLE_OBJC_ARC = YES;
				CLANG_ENABLE_OBJC_WEAK = YES;
				CLANG_WARN_BLOCK_CAPTURE_AUTORELEASING = YES;
				CLANG_WARN_BOOL_CONVERSION = YES;
				CLANG_WARN_COMMA = YES;
				CLANG_WARN_CONSTANT_CONVERSION = YES;
				CLANG_WARN_DEPRECATED_OBJC_IMPLEMENTATIONS = YES;
				CLANG_WARN_DIRECT_OBJC_ISA_USAGE = YES_ERROR;
				CLANG_WARN_DOCUMENTATION_COMMENTS = YES;
				CLANG_WARN_EMPTY_BODY = YES;
				CLANG_WARN_ENUM_CONVERSION = YES;
				CLANG_WARN_INFINITE_RECURSION = YES;
				CLANG_WARN_INT_CONVERSION = YES;
				CLANG_WARN_NON_LITERAL_NULL_CONVERSION = YES;
				CLANG_WARN_OBJC_IMPLICIT_RETAIN_SELF = YES;
				CLANG_WARN_OBJC_LITERAL_CONVERSION = YES;
				CLANG_WARN_OBJC_ROOT_CLASS = YES_ERROR;
				CLANG_WARN_RANGE_LOOP_ANALYSIS = YES;
				CLANG_WARN_STRICT_PROTOTYPES = YES;
				CLANG_WARN_SUSPICIOUS_MOVE = YES;
				CLANG_WARN_UNGUARDED_AVAILABILITY = YES_AGGRESSIVE;
				CLANG_WARN_UNREACHABLE_CODE = YES;
				CLANG_WARN__DUPLICATE_METHOD_MATCH = YES;
				COPY_PHASE_STRIP = NO;
				DEBUG_INFORMATION_FORMAT = dwarf;
				ENABLE_STRICT_OBJC_MSGSEND = YES;
				ENABLE_TESTABILITY = YES;
				GCC_C_LANGUAGE_STANDARD = gnu11;
				GCC_DYNAMIC_NO_PIC = NO;
				GCC_NO_COMMON_BLOCKS = YES;
				GCC_OPTIMIZATION_LEVEL = 0;
				GCC_PREPROCESSOR_DEFINITIONS = (
					"DEBUG=1",
					"$(inherited)",
				);
				GCC_WARN_64_TO_32_BIT_CONVERSION = YES;
				GCC_WARN_ABOUT_RETURN_TYPE = YES_ERROR;
				GCC_WARN_UNDECLARED_SELECTOR = YES;
				GCC_WARN_UNINITIALIZED_AUTOS = YES_AGGRESSIVE;
				GCC_WARN_UNUSED_FUNCTION = YES;
				GCC_WARN_UNUSED_VARIABLE = YES;
				IPHONEOS_DEPLOYMENT_TARGET = 11.0;
				MTL_ENABLE_DEBUG_INFO = INCLUDE_SOURCE;
				MTL_FAST_MATH = YES;
				ONLY_ACTIVE_ARCH = YES;
				SDKROOT = iphoneos;
				SWIFT_ACTIVE_COMPILATION_CONDITIONS = DEBUG;
				SWIFT_OPTIMIZATION_LEVEL = "-Onone";
			};
			name = Debug;
		};
		CF49C44124C58C45002ED0A5 /* Release */ = {
			isa = XCBuildConfiguration;
			buildSettings = {
				ALWAYS_SEARCH_USER_PATHS = NO;
				CLANG_ANALYZER_NONNULL = YES;
				CLANG_ANALYZER_NUMBER_OBJECT_CONVERSION = YES_AGGRESSIVE;
				CLANG_CXX_LANGUAGE_STANDARD = "gnu++14";
				CLANG_CXX_LIBRARY = "libc++";
				CLANG_ENABLE_MODULES = YES;
				CLANG_ENABLE_OBJC_ARC = YES;
				CLANG_ENABLE_OBJC_WEAK = YES;
				CLANG_WARN_BLOCK_CAPTURE_AUTORELEASING = YES;
				CLANG_WARN_BOOL_CONVERSION = YES;
				CLANG_WARN_COMMA = YES;
				CLANG_WARN_CONSTANT_CONVERSION = YES;
				CLANG_WARN_DEPRECATED_OBJC_IMPLEMENTATIONS = YES;
				CLANG_WARN_DIRECT_OBJC_ISA_USAGE = YES_ERROR;
				CLANG_WARN_DOCUMENTATION_COMMENTS = YES;
				CLANG_WARN_EMPTY_BODY = YES;
				CLANG_WARN_ENUM_CONVERSION = YES;
				CLANG_WARN_INFINITE_RECURSION = YES;
				CLANG_WARN_INT_CONVERSION = YES;
				CLANG_WARN_NON_LITERAL_NULL_CONVERSION = YES;
				CLANG_WARN_OBJC_IMPLICIT_RETAIN_SELF = YES;
				CLANG_WARN_OBJC_LITERAL_CONVERSION = YES;
				CLANG_WARN_OBJC_ROOT_CLASS = YES_ERROR;
				CLANG_WARN_RANGE_LOOP_ANALYSIS = YES;
				CLANG_WARN_STRICT_PROTOTYPES = YES;
				CLANG_WARN_SUSPICIOUS_MOVE = YES;
				CLANG_WARN_UNGUARDED_AVAILABILITY = YES_AGGRESSIVE;
				CLANG_WARN_UNREACHABLE_CODE = YES;
				CLANG_WARN__DUPLICATE_METHOD_MATCH = YES;
				COPY_PHASE_STRIP = NO;
				DEBUG_INFORMATION_FORMAT = "dwarf-with-dsym";
				ENABLE_NS_ASSERTIONS = NO;
				ENABLE_STRICT_OBJC_MSGSEND = YES;
				GCC_C_LANGUAGE_STANDARD = gnu11;
				GCC_NO_COMMON_BLOCKS = YES;
				GCC_WARN_64_TO_32_BIT_CONVERSION = YES;
				GCC_WARN_ABOUT_RETURN_TYPE = YES_ERROR;
				GCC_WARN_UNDECLARED_SELECTOR = YES;
				GCC_WARN_UNINITIALIZED_AUTOS = YES_AGGRESSIVE;
				GCC_WARN_UNUSED_FUNCTION = YES;
				GCC_WARN_UNUSED_VARIABLE = YES;
				IPHONEOS_DEPLOYMENT_TARGET = 11.0;
				MTL_ENABLE_DEBUG_INFO = NO;
				MTL_FAST_MATH = YES;
				SDKROOT = iphoneos;
				SWIFT_COMPILATION_MODE = wholemodule;
				SWIFT_OPTIMIZATION_LEVEL = "-O";
				VALIDATE_PRODUCT = YES;
			};
			name = Release;
		};
		CF49C44324C58C45002ED0A5 /* Debug */ = {
			isa = XCBuildConfiguration;
			baseConfigurationReference = 2FFDB70C52A2997622B45EF0 /* Pods-TestAssignment.debug.xcconfig */;
			buildSettings = {
				ASSETCATALOG_COMPILER_APPICON_NAME = AppIcon;
				CODE_SIGN_STYLE = Automatic;
				DEVELOPMENT_TEAM = 2ALVMU96HQ;
				INFOPLIST_FILE = TestAssignment/Info.plist;
				IPHONEOS_DEPLOYMENT_TARGET = 11.0;
				LD_RUNPATH_SEARCH_PATHS = (
					"$(inherited)",
					"@executable_path/Frameworks",
				);
				PRODUCT_BUNDLE_IDENTIFIER = com.lokesh.TestAssignment;
				PRODUCT_NAME = "$(TARGET_NAME)";
				SWIFT_VERSION = 5.0;
				TARGETED_DEVICE_FAMILY = "1,2";
			};
			name = Debug;
		};
		CF49C44424C58C45002ED0A5 /* Release */ = {
			isa = XCBuildConfiguration;
			baseConfigurationReference = 27DA254276665FDC1FE45F33 /* Pods-TestAssignment.release.xcconfig */;
			buildSettings = {
				ASSETCATALOG_COMPILER_APPICON_NAME = AppIcon;
				CODE_SIGN_STYLE = Automatic;
				DEVELOPMENT_TEAM = 2ALVMU96HQ;
				INFOPLIST_FILE = TestAssignment/Info.plist;
				IPHONEOS_DEPLOYMENT_TARGET = 11.0;
				LD_RUNPATH_SEARCH_PATHS = (
					"$(inherited)",
					"@executable_path/Frameworks",
				);
				PRODUCT_BUNDLE_IDENTIFIER = com.lokesh.TestAssignment;
				PRODUCT_NAME = "$(TARGET_NAME)";
				SWIFT_VERSION = 5.0;
				TARGETED_DEVICE_FAMILY = "1,2";
			};
			name = Release;
		};
		CF49C44624C58C45002ED0A5 /* Debug */ = {
			isa = XCBuildConfiguration;
			baseConfigurationReference = 1A16265DDFC0105FF7A1D916 /* Pods-TestAssignmentTests.debug.xcconfig */;
			buildSettings = {
				ALWAYS_EMBED_SWIFT_STANDARD_LIBRARIES = YES;
				BUNDLE_LOADER = "$(TEST_HOST)";
				CODE_SIGN_STYLE = Automatic;
				DEVELOPMENT_TEAM = 2ALVMU96HQ;
				INFOPLIST_FILE = TestAssignmentTests/Info.plist;
				IPHONEOS_DEPLOYMENT_TARGET = 11.0;
				LD_RUNPATH_SEARCH_PATHS = (
					"$(inherited)",
					"@executable_path/Frameworks",
					"@loader_path/Frameworks",
				);
				PRODUCT_BUNDLE_IDENTIFIER = com.lokesh.TestAssignmentTests;
				PRODUCT_NAME = "$(TARGET_NAME)";
				SWIFT_VERSION = 5.0;
				TARGETED_DEVICE_FAMILY = "1,2";
				TEST_HOST = "$(BUILT_PRODUCTS_DIR)/TestAssignment.app/TestAssignment";
			};
			name = Debug;
		};
		CF49C44724C58C45002ED0A5 /* Release */ = {
			isa = XCBuildConfiguration;
			baseConfigurationReference = 4A7D4C7C06A2713AC052BAEC /* Pods-TestAssignmentTests.release.xcconfig */;
			buildSettings = {
				ALWAYS_EMBED_SWIFT_STANDARD_LIBRARIES = YES;
				BUNDLE_LOADER = "$(TEST_HOST)";
				CODE_SIGN_STYLE = Automatic;
				DEVELOPMENT_TEAM = 2ALVMU96HQ;
				INFOPLIST_FILE = TestAssignmentTests/Info.plist;
				IPHONEOS_DEPLOYMENT_TARGET = 11.0;
				LD_RUNPATH_SEARCH_PATHS = (
					"$(inherited)",
					"@executable_path/Frameworks",
					"@loader_path/Frameworks",
				);
				PRODUCT_BUNDLE_IDENTIFIER = com.lokesh.TestAssignmentTests;
				PRODUCT_NAME = "$(TARGET_NAME)";
				SWIFT_VERSION = 5.0;
				TARGETED_DEVICE_FAMILY = "1,2";
				TEST_HOST = "$(BUILT_PRODUCTS_DIR)/TestAssignment.app/TestAssignment";
			};
			name = Release;
		};
/* End XCBuildConfiguration section */

/* Begin XCConfigurationList section */
		CF49C41E24C58C43002ED0A5 /* Build configuration list for PBXProject "TestAssignment" */ = {
			isa = XCConfigurationList;
			buildConfigurations = (
				CF49C44024C58C45002ED0A5 /* Debug */,
				CF49C44124C58C45002ED0A5 /* Release */,
			);
			defaultConfigurationIsVisible = 0;
			defaultConfigurationName = Release;
		};
		CF49C44224C58C45002ED0A5 /* Build configuration list for PBXNativeTarget "TestAssignment" */ = {
			isa = XCConfigurationList;
			buildConfigurations = (
				CF49C44324C58C45002ED0A5 /* Debug */,
				CF49C44424C58C45002ED0A5 /* Release */,
			);
			defaultConfigurationIsVisible = 0;
			defaultConfigurationName = Release;
		};
		CF49C44524C58C45002ED0A5 /* Build configuration list for PBXNativeTarget "TestAssignmentTests" */ = {
			isa = XCConfigurationList;
			buildConfigurations = (
				CF49C44624C58C45002ED0A5 /* Debug */,
				CF49C44724C58C45002ED0A5 /* Release */,
			);
			defaultConfigurationIsVisible = 0;
			defaultConfigurationName = Release;
		};
/* End XCConfigurationList section */
	};
	rootObject = CF49C41B24C58C42002ED0A5 /* Project object */;
}
